PODS:
  - apivideo_live_stream (0.0.1):
    - ApiVideoLiveStream (= 1.4.1)
    - Flutter
  - ApiVideoLiveStream (1.4.1):
    - HaishinKit (= 1.7.3)
  - Flutter (1.0.0)
  - flutter_vlc_player (3.0.3):
    - Flutter
    - MobileVLCKit (~> 3.6.1b1)
  - HaishinKit (1.7.3):
    - Logboard (~> 2.4.1)
  - Logboard (2.4.2)
  - MobileVLCKit (3.6.1b1)
  - native_device_orientation (0.0.1):
    - Flutter
  - package_info_plus (0.4.5):
    - Flutter
  - wakelock_plus (0.0.1):
    - Flutter

DEPENDENCIES:
  - apivideo_live_stream (from `.symlinks/plugins/apivideo_live_stream/ios`)
  - Flutter (from `Flutter`)
  - flutter_vlc_player (from `.symlinks/plugins/flutter_vlc_player/ios`)
  - native_device_orientation (from `.symlinks/plugins/native_device_orientation/ios`)
  - package_info_plus (from `.symlinks/plugins/package_info_plus/ios`)
  - wakelock_plus (from `.symlinks/plugins/wakelock_plus/ios`)

SPEC REPOS:
  trunk:
    - ApiVideoLiveStream
    - HaishinKit
    - Logboard
    - MobileVLCKit

EXTERNAL SOURCES:
  apivideo_live_stream:
    :path: ".symlinks/plugins/apivideo_live_stream/ios"
  Flutter:
    :path: Flutter
  flutter_vlc_player:
    :path: ".symlinks/plugins/flutter_vlc_player/ios"
  native_device_orientation:
    :path: ".symlinks/plugins/native_device_orientation/ios"
  package_info_plus:
    :path: ".symlinks/plugins/package_info_plus/ios"
  wakelock_plus:
    :path: ".symlinks/plugins/wakelock_plus/ios"

SPEC CHECKSUMS:
  apivideo_live_stream: caab45dd35fb3b140d423c099d0f6672378e7abe
  ApiVideoLiveStream: 8f9dce7f6d15d5e4bb3c7a25e406bf2a36337a5a
  Flutter: e0871f40cf51350855a761d2e70bf5af5b9b5de7
  flutter_vlc_player: 5464f594a9338e080d240bbe7b10ffe30c7bc8bc
  HaishinKit: 326e27c4d06427ba53bffc68e516a92033293051
  Logboard: 759d82599c439945d430d5a0958455b5a1974a0c
  MobileVLCKit: 2d9c7c373393ae43086aeeff890bf0b1afc15c5c
  native_device_orientation: d6a4dc6887cd8a5ce1049962367aec60139ea0f1
  package_info_plus: af8e2ca6888548050f16fa2f1938db7b5a5df499
  wakelock_plus: e29112ab3ef0b318e58cfa5c32326458be66b556

PODFILE CHECKSUM: 251cb053df7158f337c0712f2ab29f4e0fa474ce

COCOAPODS: 1.16.2
